
Microsoft Visual Studio Solution File, Format Version 12.00
# Visual Studio Version 16
VisualStudioVersion = 16.0.31727.386
MinimumVisualStudioVersion = 10.0.40219.1
Project("{6EC3EE1D-3C4E-46DD-8F32-0CC8E7565705}") = "AofC_2021.Tests", "AofC_2021.Tests\AofC_2021.Tests.fsproj", "{F091CE9A-1836-46E4-BA4F-B5572CD7C66A}"
EndProject
Project("{6EC3EE1D-3C4E-46DD-8F32-0CC8E7565705}") = "AofC_2021", "AofC_2021\AofC_2021.fsproj", "{571C2B1A-CE90-4E01-BAC7-6731E2E30453}"
EndProject
Project("{F2A71F9B-5D33-465A-A702-920D77279786}") = "Tools", "Tools\Tools.fsproj", "{CEE3C1CF-111B-48B8-AA8F-553C6AED0720}"
EndProject
Global
	GlobalSection(SolutionConfigurationPlatforms) = preSolution
		Debug|Any CPU = Debug|Any CPU
		Release|Any CPU = Release|Any CPU
	EndGlobalSection
	GlobalSection(ProjectConfigurationPlatforms) = postSolution
		{F091CE9A-1836-46E4-BA4F-B5572CD7C66A}.Debug|Any CPU.ActiveCfg = Debug|Any CPU
		{F091CE9A-1836-46E4-BA4F-B5572CD7C66A}.Debug|Any CPU.Build.0 = Debug|Any CPU
		{F091CE9A-1836-46E4-BA4F-B5572CD7C66A}.Release|Any CPU.ActiveCfg = Release|Any CPU
		{F091CE9A-1836-46E4-BA4F-B5572CD7C66A}.Release|Any CPU.Build.0 = Release|Any CPU
		{571C2B1A-CE90-4E01-BAC7-6731E2E30453}.Debug|Any CPU.ActiveCfg = Debug|Any CPU
		{571C2B1A-CE90-4E01-BAC7-6731E2E30453}.Debug|Any CPU.Build.0 = Debug|Any CPU
		{571C2B1A-CE90-4E01-BAC7-6731E2E30453}.Release|Any CPU.ActiveCfg = Release|Any CPU
		{571C2B1A-CE90-4E01-BAC7-6731E2E30453}.Release|Any CPU.Build.0 = Release|Any CPU
		{CEE3C1CF-111B-48B8-AA8F-553C6AED0720}.Debug|Any CPU.ActiveCfg = Debug|Any CPU
		{CEE3C1CF-111B-48B8-AA8F-553C6AED0720}.Debug|Any CPU.Build.0 = Debug|Any CPU
		{CEE3C1CF-111B-48B8-AA8F-553C6AED0720}.Release|Any CPU.ActiveCfg = Release|Any CPU
		{CEE3C1CF-111B-48B8-AA8F-553C6AED0720}.Release|Any CPU.Build.0 = Release|Any CPU
	EndGlobalSection
	GlobalSection(SolutionProperties) = preSolution
		HideSolutionNode = FALSE
	EndGlobalSection
	GlobalSection(ExtensibilityGlobals) = postSolution
		SolutionGuid = {21116CFB-B49C-4FA5-9606-8315E81BA630}
	EndGlobalSection
EndGlobal
